
Microsoft Visual Studio Solution File, Format Version 12.00
# Visual Studio Version 17
VisualStudioVersion = 17.6.33815.320
MinimumVisualStudioVersion = 10.0.40219.1
Project("{9A19103F-16F7-4668-BE54-9A1E7A4F7556}") = "TestFountain", "TestFountain\TestFountain.csproj", "{3416EEF2-C919-4AFA-AB6E-703934BB9C19}"
EndProject
Project("{9A19103F-16F7-4668-BE54-9A1E7A4F7556}") = "TestFountain.Tests", "TestFountain.Tests\TestFountain.Tests.csproj", "{E07EA49D-F9C7-40A3-AF39-28DD5DD2B643}"
EndProject
Project("{9A19103F-16F7-4668-BE54-9A1E7A4F7556}") = "TestFountain.Example", "TestFountain.Example\TestFountain.Example.csproj", "{73F903BB-E6A6-4B42-871C-6F8D25619A8D}"
EndProject
Project("{2150E333-8FDC-42A3-9474-1A3956D46DE8}") = "Solution Items", "Solution Items", "{93043F1F-3518-43E6-B004-39ECDD3969CE}"
	ProjectSection(SolutionItems) = preProject
		.editorconfig = .editorconfig
	EndProjectSection
EndProject
Global
	GlobalSection(SolutionConfigurationPlatforms) = preSolution
		Debug|Any CPU = Debug|Any CPU
		Release|Any CPU = Release|Any CPU
	EndGlobalSection
	GlobalSection(ProjectConfigurationPlatforms) = postSolution
		{3416EEF2-C919-4AFA-AB6E-703934BB9C19}.Debug|Any CPU.ActiveCfg = Debug|Any CPU
		{3416EEF2-C919-4AFA-AB6E-703934BB9C19}.Debug|Any CPU.Build.0 = Debug|Any CPU
		{3416EEF2-C919-4AFA-AB6E-703934BB9C19}.Release|Any CPU.ActiveCfg = Release|Any CPU
		{3416EEF2-C919-4AFA-AB6E-703934BB9C19}.Release|Any CPU.Build.0 = Release|Any CPU
		{E07EA49D-F9C7-40A3-AF39-28DD5DD2B643}.Debug|Any CPU.ActiveCfg = Debug|Any CPU
		{E07EA49D-F9C7-40A3-AF39-28DD5DD2B643}.Debug|Any CPU.Build.0 = Debug|Any CPU
		{E07EA49D-F9C7-40A3-AF39-28DD5DD2B643}.Release|Any CPU.ActiveCfg = Release|Any CPU
		{E07EA49D-F9C7-40A3-AF39-28DD5DD2B643}.Release|Any CPU.Build.0 = Release|Any CPU
		{73F903BB-E6A6-4B42-871C-6F8D25619A8D}.Debug|Any CPU.ActiveCfg = Debug|Any CPU
		{73F903BB-E6A6-4B42-871C-6F8D25619A8D}.Debug|Any CPU.Build.0 = Debug|Any CPU
		{73F903BB-E6A6-4B42-871C-6F8D25619A8D}.Release|Any CPU.ActiveCfg = Release|Any CPU
		{73F903BB-E6A6-4B42-871C-6F8D25619A8D}.Release|Any CPU.Build.0 = Release|Any CPU
	EndGlobalSection
	GlobalSection(SolutionProperties) = preSolution
		HideSolutionNode = FALSE
	EndGlobalSection
	GlobalSection(ExtensibilityGlobals) = postSolution
		SolutionGuid = {BD80CAD8-6B3B-4E33-8D88-A059409A6736}
	EndGlobalSection
EndGlobal
